
Microsoft Visual Studio Solution File, Format Version 12.00
# Visual Studio Version 17
VisualStudioVersion = 17.8.34525.116
MinimumVisualStudioVersion = 10.0.40219.1
Project("{FAE04EC0-301F-11D3-BF4B-00C04F79EFBC}") = "Rekürsif ve Extension Metotlar", "Rekürsif ve Extension Metotlar.csproj", "{2875FE77-52D6-44CD-8B42-6969E7F8DFA5}"
EndProject
Global
	GlobalSection(SolutionConfigurationPlatforms) = preSolution
		Debug|Any CPU = Debug|Any CPU
		Release|Any CPU = Release|Any CPU
	EndGlobalSection
	GlobalSection(ProjectConfigurationPlatforms) = postSolution
		{2875FE77-52D6-44CD-8B42-6969E7F8DFA5}.Debug|Any CPU.ActiveCfg = Debug|Any CPU
		{2875FE77-52D6-44CD-8B42-6969E7F8DFA5}.Debug|Any CPU.Build.0 = Debug|Any CPU
		{2875FE77-52D6-44CD-8B42-6969E7F8DFA5}.Release|Any CPU.ActiveCfg = Release|Any CPU
		{2875FE77-52D6-44CD-8B42-6969E7F8DFA5}.Release|Any CPU.Build.0 = Release|Any CPU
	EndGlobalSection
	GlobalSection(SolutionProperties) = preSolution
		HideSolutionNode = FALSE
	EndGlobalSection
	GlobalSection(ExtensibilityGlobals) = postSolution
		SolutionGuid = {504C742C-4DAA-415B-83B3-20546A8D4F59}
	EndGlobalSection
EndGlobal
